// !$*UTF8*$!
{
	archiveVersion = 1;
	classes = {
	};
	objectVersion = 55;
	objects = {

/* Begin PBXBuildFile section */
		B34BF1F227B6EBE4004BF3DA /* GoogleSignIn in Frameworks */ = {isa = PBXBuildFile; productRef = B34BF1F127B6EBE4004BF3DA /* GoogleSignIn */; };
		B34BF1F527B6F8A6004BF3DA /* Realm in Frameworks */ = {isa = PBXBuildFile; productRef = B34BF1F427B6F8A6004BF3DA /* Realm */; };
		B34BF1F727B6F8A6004BF3DA /* RealmSwift in Frameworks */ = {isa = PBXBuildFile; productRef = B34BF1F627B6F8A6004BF3DA /* RealmSwift */; };
		B34BF1FA27B6F90D004BF3DA /* MessageKit in Frameworks */ = {isa = PBXBuildFile; productRef = B34BF1F927B6F90D004BF3DA /* MessageKit */; };
		B34BF1FD27B6F969004BF3DA /* JGProgressHUD in Frameworks */ = {isa = PBXBuildFile; productRef = B34BF1FC27B6F969004BF3DA /* JGProgressHUD */; };
		B34BF20027B6F9A9004BF3DA /* SDWebImage in Frameworks */ = {isa = PBXBuildFile; productRef = B34BF1FF27B6F9A9004BF3DA /* SDWebImage */; };
		B34BF20227B6F9A9004BF3DA /* SDWebImageMapKit in Frameworks */ = {isa = PBXBuildFile; productRef = B34BF20127B6F9A9004BF3DA /* SDWebImageMapKit */; };
		B34BF20427B6FDDF004BF3DA /* ChatViewController.swift in Sources */ = {isa = PBXBuildFile; fileRef = B34BF20327B6FDDF004BF3DA /* ChatViewController.swift */; };
		B34BF20727B6FF59004BF3DA /* ConversationTableViewCell.swift in Sources */ = {isa = PBXBuildFile; fileRef = B34BF20627B6FF59004BF3DA /* ConversationTableViewCell.swift */; };
		B34BF20927B70E51004BF3DA /* NewConversationViewCell.swift in Sources */ = {isa = PBXBuildFile; fileRef = B34BF20827B70E51004BF3DA /* NewConversationViewCell.swift */; };
		B34BF20C27B7127A004BF3DA /* Message.swift in Sources */ = {isa = PBXBuildFile; fileRef = B34BF20B27B7127A004BF3DA /* Message.swift */; };
		B34BF20F27B712BB004BF3DA /* Sender.swift in Sources */ = {isa = PBXBuildFile; fileRef = B34BF20E27B712BB004BF3DA /* Sender.swift */; };
		B3C386E827C4831E0019AD47 /* Extensions.swift in Sources */ = {isa = PBXBuildFile; fileRef = B3C386E727C4831E0019AD47 /* Extensions.swift */; };
		B3D8441727C621AF0004E470 /* LocationPickerViewController.swift in Sources */ = {isa = PBXBuildFile; fileRef = B3D8441627C621AF0004E470 /* LocationPickerViewController.swift */; };
		B3DC3B4327C37C7200D9AB63 /* NewConversationTableViewCell.swift in Sources */ = {isa = PBXBuildFile; fileRef = B3DC3B4227C37C7200D9AB63 /* NewConversationTableViewCell.swift */; };
		B3DD1AEA27BDCC4A00A7EF3A /* DateFormatters.swift in Sources */ = {isa = PBXBuildFile; fileRef = B3DD1AE927BDCC4A00A7EF3A /* DateFormatters.swift */; };
		B3E02B6727B0549C00ADA9F4 /* AppDelegate.swift in Sources */ = {isa = PBXBuildFile; fileRef = B3E02B6627B0549C00ADA9F4 /* AppDelegate.swift */; };
		B3E02B6927B0549C00ADA9F4 /* SceneDelegate.swift in Sources */ = {isa = PBXBuildFile; fileRef = B3E02B6827B0549C00ADA9F4 /* SceneDelegate.swift */; };
		B3E02B6B27B0549C00ADA9F4 /* ConversationViewController.swift in Sources */ = {isa = PBXBuildFile; fileRef = B3E02B6A27B0549C00ADA9F4 /* ConversationViewController.swift */; };
		B3E02B6E27B0549C00ADA9F4 /* Main.storyboard in Resources */ = {isa = PBXBuildFile; fileRef = B3E02B6C27B0549C00ADA9F4 /* Main.storyboard */; };
		B3E02B7027B0549F00ADA9F4 /* Assets.xcassets in Resources */ = {isa = PBXBuildFile; fileRef = B3E02B6F27B0549F00ADA9F4 /* Assets.xcassets */; };
		B3E02B7327B0549F00ADA9F4 /* LaunchScreen.storyboard in Resources */ = {isa = PBXBuildFile; fileRef = B3E02B7127B0549F00ADA9F4 /* LaunchScreen.storyboard */; };
		B3E02B8027B0566B00ADA9F4 /* RegisterViewController.swift in Sources */ = {isa = PBXBuildFile; fileRef = B3E02B7F27B0566B00ADA9F4 /* RegisterViewController.swift */; };
		B3E02B8227B0569F00ADA9F4 /* LoginViewController.swift in Sources */ = {isa = PBXBuildFile; fileRef = B3E02B8127B0569E00ADA9F4 /* LoginViewController.swift */; };
		B3E02B8527B056F800ADA9F4 /* PhotoViewrViewController.swift in Sources */ = {isa = PBXBuildFile; fileRef = B3E02B8427B056F800ADA9F4 /* PhotoViewrViewController.swift */; };
		B3E02B8727B0575100ADA9F4 /* VideoPlayerViewController.swift in Sources */ = {isa = PBXBuildFile; fileRef = B3E02B8627B0575100ADA9F4 /* VideoPlayerViewController.swift */; };
		B3E02B8927B0576200ADA9F4 /* NewConversationViewController.swift in Sources */ = {isa = PBXBuildFile; fileRef = B3E02B8827B0576200ADA9F4 /* NewConversationViewController.swift */; };
		B3E02B8B27B0577500ADA9F4 /* ProfileViewController.swift in Sources */ = {isa = PBXBuildFile; fileRef = B3E02B8A27B0577500ADA9F4 /* ProfileViewController.swift */; };
		B3E02B8E27B0593200ADA9F4 /* Elements in Frameworks */ = {isa = PBXBuildFile; productRef = B3E02B8D27B0593200ADA9F4 /* Elements */; };
		B3E02B9A27B3726F00ADA9F4 /* FirebaseAnalytics in Frameworks */ = {isa = PBXBuildFile; productRef = B3E02B9927B3726F00ADA9F4 /* FirebaseAnalytics */; };
		B3E02B9C27B3726F00ADA9F4 /* FirebaseAuth in Frameworks */ = {isa = PBXBuildFile; productRef = B3E02B9B27B3726F00ADA9F4 /* FirebaseAuth */; };
		B3E02B9E27B3726F00ADA9F4 /* FirebaseDatabase in Frameworks */ = {isa = PBXBuildFile; productRef = B3E02B9D27B3726F00ADA9F4 /* FirebaseDatabase */; };
		B3E02BA027B3727000ADA9F4 /* FirebaseStorage in Frameworks */ = {isa = PBXBuildFile; productRef = B3E02B9F27B3726F00ADA9F4 /* FirebaseStorage */; };
		B3E02BA227B3738400ADA9F4 /* GoogleService-Info.plist in Resources */ = {isa = PBXBuildFile; fileRef = B3E02BA127B3738300ADA9F4 /* GoogleService-Info.plist */; };
		B3E02BA427B3915700ADA9F4 /* DatabaseManager.swift in Sources */ = {isa = PBXBuildFile; fileRef = B3E02BA327B3915600ADA9F4 /* DatabaseManager.swift */; };
		B3EDD39327B8B5340020FA83 /* StrageManager.swift in Sources */ = {isa = PBXBuildFile; fileRef = B3EDD39227B8B5340020FA83 /* StrageManager.swift */; };
/* End PBXBuildFile section */

/* Begin PBXFileReference section */
		B34BF20327B6FDDF004BF3DA /* ChatViewController.swift */ = {isa = PBXFileReference; lastKnownFileType = sourcecode.swift; path = ChatViewController.swift; sourceTree = "<group>"; };
		B34BF20627B6FF59004BF3DA /* ConversationTableViewCell.swift */ = {isa = PBXFileReference; lastKnownFileType = sourcecode.swift; path = ConversationTableViewCell.swift; sourceTree = "<group>"; };
		B34BF20827B70E51004BF3DA /* NewConversationViewCell.swift */ = {isa = PBXFileReference; lastKnownFileType = sourcecode.swift; path = NewConversationViewCell.swift; sourceTree = "<group>"; };
		B34BF20B27B7127A004BF3DA /* Message.swift */ = {isa = PBXFileReference; lastKnownFileType = sourcecode.swift; path = Message.swift; sourceTree = "<group>"; };
		B34BF20E27B712BB004BF3DA /* Sender.swift */ = {isa = PBXFileReference; lastKnownFileType = sourcecode.swift; path = Sender.swift; sourceTree = "<group>"; };
		B3C386E727C4831E0019AD47 /* Extensions.swift */ = {isa = PBXFileReference; lastKnownFileType = sourcecode.swift; path = Extensions.swift; sourceTree = "<group>"; };
		B3D8441627C621AF0004E470 /* LocationPickerViewController.swift */ = {isa = PBXFileReference; lastKnownFileType = sourcecode.swift; path = LocationPickerViewController.swift; sourceTree = "<group>"; };
		B3DC3B4227C37C7200D9AB63 /* NewConversationTableViewCell.swift */ = {isa = PBXFileReference; lastKnownFileType = sourcecode.swift; path = NewConversationTableViewCell.swift; sourceTree = "<group>"; };
		B3DD1AE927BDCC4A00A7EF3A /* DateFormatters.swift */ = {isa = PBXFileReference; lastKnownFileType = sourcecode.swift; path = DateFormatters.swift; sourceTree = "<group>"; };
		B3E02B6327B0549C00ADA9F4 /* ChatAppPractice.app */ = {isa = PBXFileReference; explicitFileType = wrapper.application; includeInIndex = 0; path = ChatAppPractice.app; sourceTree = BUILT_PRODUCTS_DIR; };
		B3E02B6627B0549C00ADA9F4 /* AppDelegate.swift */ = {isa = PBXFileReference; lastKnownFileType = sourcecode.swift; path = AppDelegate.swift; sourceTree = "<group>"; };
		B3E02B6827B0549C00ADA9F4 /* SceneDelegate.swift */ = {isa = PBXFileReference; lastKnownFileType = sourcecode.swift; path = SceneDelegate.swift; sourceTree = "<group>"; };
		B3E02B6A27B0549C00ADA9F4 /* ConversationViewController.swift */ = {isa = PBXFileReference; lastKnownFileType = sourcecode.swift; path = ConversationViewController.swift; sourceTree = "<group>"; };
		B3E02B6D27B0549C00ADA9F4 /* Base */ = {isa = PBXFileReference; lastKnownFileType = file.storyboard; name = Base; path = Base.lproj/Main.storyboard; sourceTree = "<group>"; };
		B3E02B6F27B0549F00ADA9F4 /* Assets.xcassets */ = {isa = PBXFileReference; lastKnownFileType = folder.assetcatalog; path = Assets.xcassets; sourceTree = "<group>"; };
		B3E02B7227B0549F00ADA9F4 /* Base */ = {isa = PBXFileReference; lastKnownFileType = file.storyboard; name = Base; path = Base.lproj/LaunchScreen.storyboard; sourceTree = "<group>"; };
		B3E02B7427B0549F00ADA9F4 /* Info.plist */ = {isa = PBXFileReference; lastKnownFileType = text.plist.xml; path = Info.plist; sourceTree = "<group>"; };
		B3E02B7F27B0566B00ADA9F4 /* RegisterViewController.swift */ = {isa = PBXFileReference; lastKnownFileType = sourcecode.swift; path = RegisterViewController.swift; sourceTree = "<group>"; };
		B3E02B8127B0569E00ADA9F4 /* LoginViewController.swift */ = {isa = PBXFileReference; lastKnownFileType = sourcecode.swift; path = LoginViewController.swift; sourceTree = "<group>"; };
		B3E02B8427B056F800ADA9F4 /* PhotoViewrViewController.swift */ = {isa = PBXFileReference; lastKnownFileType = sourcecode.swift; path = PhotoViewrViewController.swift; sourceTree = "<group>"; };
		B3E02B8627B0575100ADA9F4 /* VideoPlayerViewController.swift */ = {isa = PBXFileReference; lastKnownFileType = sourcecode.swift; path = VideoPlayerViewController.swift; sourceTree = "<group>"; };
		B3E02B8827B0576200ADA9F4 /* NewConversationViewController.swift */ = {isa = PBXFileReference; lastKnownFileType = sourcecode.swift; path = NewConversationViewController.swift; sourceTree = "<group>"; };
		B3E02B8A27B0577500ADA9F4 /* ProfileViewController.swift */ = {isa = PBXFileReference; lastKnownFileType = sourcecode.swift; path = ProfileViewController.swift; sourceTree = "<group>"; };
		B3E02BA127B3738300ADA9F4 /* GoogleService-Info.plist */ = {isa = PBXFileReference; fileEncoding = 4; lastKnownFileType = text.plist.xml; path = "GoogleService-Info.plist"; sourceTree = "<group>"; };
		B3E02BA327B3915600ADA9F4 /* DatabaseManager.swift */ = {isa = PBXFileReference; lastKnownFileType = sourcecode.swift; path = DatabaseManager.swift; sourceTree = "<group>"; };
		B3EDD39227B8B5340020FA83 /* StrageManager.swift */ = {isa = PBXFileReference; lastKnownFileType = sourcecode.swift; path = StrageManager.swift; sourceTree = "<group>"; };
/* End PBXFileReference section */

/* Begin PBXFrameworksBuildPhase section */
		B3E02B6027B0549C00ADA9F4 /* Frameworks */ = {
			isa = PBXFrameworksBuildPhase;
			buildActionMask = 2147483647;
			files = (
				B34BF1F727B6F8A6004BF3DA /* RealmSwift in Frameworks */,
				B34BF1F527B6F8A6004BF3DA /* Realm in Frameworks */,
				B3E02B9A27B3726F00ADA9F4 /* FirebaseAnalytics in Frameworks */,
				B34BF1FA27B6F90D004BF3DA /* MessageKit in Frameworks */,
				B34BF1FD27B6F969004BF3DA /* JGProgressHUD in Frameworks */,
				B3E02B9C27B3726F00ADA9F4 /* FirebaseAuth in Frameworks */,
				B3E02B9E27B3726F00ADA9F4 /* FirebaseDatabase in Frameworks */,
				B3E02BA027B3727000ADA9F4 /* FirebaseStorage in Frameworks */,
				B34BF20027B6F9A9004BF3DA /* SDWebImage in Frameworks */,
				B3E02B8E27B0593200ADA9F4 /* Elements in Frameworks */,
				B34BF20227B6F9A9004BF3DA /* SDWebImageMapKit in Frameworks */,
				B34BF1F227B6EBE4004BF3DA /* GoogleSignIn in Frameworks */,
			);
			runOnlyForDeploymentPostprocessing = 0;
		};
/* End PBXFrameworksBuildPhase section */

/* Begin PBXGroup section */
		B34BF20527B6FF30004BF3DA /* Cell */ = {
			isa = PBXGroup;
			children = (
				B34BF20627B6FF59004BF3DA /* ConversationTableViewCell.swift */,
				B34BF20827B70E51004BF3DA /* NewConversationViewCell.swift */,
				B3DC3B4227C37C7200D9AB63 /* NewConversationTableViewCell.swift */,
			);
			path = Cell;
			sourceTree = "<group>";
		};
		B34BF20D27B71285004BF3DA /* ChatViewController */ = {
			isa = PBXGroup;
			children = (
				B34BF20B27B7127A004BF3DA /* Message.swift */,
				B34BF20E27B712BB004BF3DA /* Sender.swift */,
			);
			path = ChatViewController;
			sourceTree = "<group>";
		};
		B3DD1AE827BDCC2A00A7EF3A /* Utils */ = {
			isa = PBXGroup;
			children = (
				B3DD1AE927BDCC4A00A7EF3A /* DateFormatters.swift */,
			);
			path = Utils;
			sourceTree = "<group>";
		};
		B3E02B5A27B0549C00ADA9F4 = {
			isa = PBXGroup;
			children = (
				B3E02BA127B3738300ADA9F4 /* GoogleService-Info.plist */,
				B3E02B6527B0549C00ADA9F4 /* ChatAppPractice */,
				B3E02B6427B0549C00ADA9F4 /* Products */,
			);
			sourceTree = "<group>";
		};
		B3E02B6427B0549C00ADA9F4 /* Products */ = {
			isa = PBXGroup;
			children = (
				B3E02B6327B0549C00ADA9F4 /* ChatAppPractice.app */,
			);
			name = Products;
			sourceTree = "<group>";
		};
		B3E02B6527B0549C00ADA9F4 /* ChatAppPractice */ = {
			isa = PBXGroup;
			children = (
				B3E02B7D27B054F200ADA9F4 /* Resources */,
				B3E02B7C27B054E700ADA9F4 /* ViewModels */,
				B3E02B7B27B054DE00ADA9F4 /* Views */,
				B3E02B7A27B054D300ADA9F4 /* Controllers */,
				B3E02B7427B0549F00ADA9F4 /* Info.plist */,
			);
			path = ChatAppPractice;
			sourceTree = "<group>";
		};
		B3E02B7A27B054D300ADA9F4 /* Controllers */ = {
			isa = PBXGroup;
			children = (
				B3E02B8327B056A400ADA9F4 /* Login */,
				B3E02B6A27B0549C00ADA9F4 /* ConversationViewController.swift */,
				B3E02B8427B056F800ADA9F4 /* PhotoViewrViewController.swift */,
				B3E02B8627B0575100ADA9F4 /* VideoPlayerViewController.swift */,
				B3E02B8827B0576200ADA9F4 /* NewConversationViewController.swift */,
				B3E02B8A27B0577500ADA9F4 /* ProfileViewController.swift */,
				B34BF20327B6FDDF004BF3DA /* ChatViewController.swift */,
				B3D8441627C621AF0004E470 /* LocationPickerViewController.swift */,
			);
			path = Controllers;
			sourceTree = "<group>";
		};
		B3E02B7B27B054DE00ADA9F4 /* Views */ = {
			isa = PBXGroup;
			children = (
				B34BF20527B6FF30004BF3DA /* Cell */,
				B3E02B7E27B0552100ADA9F4 /* Storyboards */,
				B3E02B6F27B0549F00ADA9F4 /* Assets.xcassets */,
			);
			path = Views;
			sourceTree = "<group>";
		};
		B3E02B7C27B054E700ADA9F4 /* ViewModels */ = {
			isa = PBXGroup;
			children = (
				B34BF20D27B71285004BF3DA /* ChatViewController */,
			);
			path = ViewModels;
			sourceTree = "<group>";
		};
		B3E02B7D27B054F200ADA9F4 /* Resources */ = {
			isa = PBXGroup;
			children = (
				B3DD1AE827BDCC2A00A7EF3A /* Utils */,
				B3EDD39227B8B5340020FA83 /* StrageManager.swift */,
				B3E02B6827B0549C00ADA9F4 /* SceneDelegate.swift */,
				B3E02B6627B0549C00ADA9F4 /* AppDelegate.swift */,
				B3E02BA327B3915600ADA9F4 /* DatabaseManager.swift */,
				B3C386E727C4831E0019AD47 /* Extensions.swift */,
			);
			path = Resources;
			sourceTree = "<group>";
		};
		B3E02B7E27B0552100ADA9F4 /* Storyboards */ = {
			isa = PBXGroup;
			children = (
				B3E02B6C27B0549C00ADA9F4 /* Main.storyboard */,
				B3E02B7127B0549F00ADA9F4 /* LaunchScreen.storyboard */,
			);
			path = Storyboards;
			sourceTree = "<group>";
		};
		B3E02B8327B056A400ADA9F4 /* Login */ = {
			isa = PBXGroup;
			children = (
				B3E02B7F27B0566B00ADA9F4 /* RegisterViewController.swift */,
				B3E02B8127B0569E00ADA9F4 /* LoginViewController.swift */,
			);
			path = Login;
			sourceTree = "<group>";
		};
/* End PBXGroup section */

/* Begin PBXNativeTarget section */
		B3E02B6227B0549C00ADA9F4 /* ChatAppPractice */ = {
			isa = PBXNativeTarget;
			buildConfigurationList = B3E02B7727B0549F00ADA9F4 /* Build configuration list for PBXNativeTarget "ChatAppPractice" */;
			buildPhases = (
				B3E02B5F27B0549C00ADA9F4 /* Sources */,
				B3E02B6027B0549C00ADA9F4 /* Frameworks */,
				B3E02B6127B0549C00ADA9F4 /* Resources */,
			);
			buildRules = (
			);
			dependencies = (
			);
			name = ChatAppPractice;
			packageProductDependencies = (
				B3E02B8D27B0593200ADA9F4 /* Elements */,
				B3E02B9927B3726F00ADA9F4 /* FirebaseAnalytics */,
				B3E02B9B27B3726F00ADA9F4 /* FirebaseAuth */,
				B3E02B9D27B3726F00ADA9F4 /* FirebaseDatabase */,
				B3E02B9F27B3726F00ADA9F4 /* FirebaseStorage */,
				B34BF1F127B6EBE4004BF3DA /* GoogleSignIn */,
				B34BF1F427B6F8A6004BF3DA /* Realm */,
				B34BF1F627B6F8A6004BF3DA /* RealmSwift */,
				B34BF1F927B6F90D004BF3DA /* MessageKit */,
				B34BF1FC27B6F969004BF3DA /* JGProgressHUD */,
				B34BF1FF27B6F9A9004BF3DA /* SDWebImage */,
				B34BF20127B6F9A9004BF3DA /* SDWebImageMapKit */,
			);
			productName = ChatAppPractice;
			productReference = B3E02B6327B0549C00ADA9F4 /* ChatAppPractice.app */;
			productType = "com.apple.product-type.application";
		};
/* End PBXNativeTarget section */

/* Begin PBXProject section */
		B3E02B5B27B0549C00ADA9F4 /* Project object */ = {
			isa = PBXProject;
			attributes = {
				BuildIndependentTargetsInParallel = 1;
				LastSwiftUpdateCheck = 1320;
				LastUpgradeCheck = 1320;
				TargetAttributes = {
					B3E02B6227B0549C00ADA9F4 = {
						CreatedOnToolsVersion = 13.2.1;
					};
				};
			};
			buildConfigurationList = B3E02B5E27B0549C00ADA9F4 /* Build configuration list for PBXProject "ChatAppPractice" */;
			compatibilityVersion = "Xcode 13.0";
			developmentRegion = en;
			hasScannedForEncodings = 0;
			knownRegions = (
				en,
				Base,
			);
			mainGroup = B3E02B5A27B0549C00ADA9F4;
			packageReferences = (
				B3E02B8C27B0593200ADA9F4 /* XCRemoteSwiftPackageReference "ElementKit" */,
				B3E02B9827B3726F00ADA9F4 /* XCRemoteSwiftPackageReference "firebase-ios-sdk" */,
				B34BF1F027B6EBE3004BF3DA /* XCRemoteSwiftPackageReference "GoogleSignIn-iOS" */,
				B34BF1F327B6F8A6004BF3DA /* XCRemoteSwiftPackageReference "realm-swift" */,
				B34BF1F827B6F90C004BF3DA /* XCRemoteSwiftPackageReference "MessageKit" */,
				B34BF1FB27B6F968004BF3DA /* XCRemoteSwiftPackageReference "JGProgressHUD" */,
				B34BF1FE27B6F9A9004BF3DA /* XCRemoteSwiftPackageReference "SDWebImage" */,
			);
			productRefGroup = B3E02B6427B0549C00ADA9F4 /* Products */;
			projectDirPath = "";
			projectRoot = "";
			targets = (
				B3E02B6227B0549C00ADA9F4 /* ChatAppPractice */,
			);
		};
/* End PBXProject section */

/* Begin PBXResourcesBuildPhase section */
		B3E02B6127B0549C00ADA9F4 /* Resources */ = {
			isa = PBXResourcesBuildPhase;
			buildActionMask = 2147483647;
			files = (
				B3E02B7327B0549F00ADA9F4 /* LaunchScreen.storyboard in Resources */,
				B3E02B7027B0549F00ADA9F4 /* Assets.xcassets in Resources */,
				B3E02B6E27B0549C00ADA9F4 /* Main.storyboard in Resources */,
				B3E02BA227B3738400ADA9F4 /* GoogleService-Info.plist in Resources */,
			);
			runOnlyForDeploymentPostprocessing = 0;
		};
/* End PBXResourcesBuildPhase section */

/* Begin PBXSourcesBuildPhase section */
		B3E02B5F27B0549C00ADA9F4 /* Sources */ = {
			isa = PBXSourcesBuildPhase;
			buildActionMask = 2147483647;
			files = (
				B3E02BA427B3915700ADA9F4 /* DatabaseManager.swift in Sources */,
				B3E02B6B27B0549C00ADA9F4 /* ConversationViewController.swift in Sources */,
				B34BF20427B6FDDF004BF3DA /* ChatViewController.swift in Sources */,
				B3D8441727C621AF0004E470 /* LocationPickerViewController.swift in Sources */,
				B3E02B6727B0549C00ADA9F4 /* AppDelegate.swift in Sources */,
				B34BF20F27B712BB004BF3DA /* Sender.swift in Sources */,
				B3DC3B4327C37C7200D9AB63 /* NewConversationTableViewCell.swift in Sources */,
				B3E02B8927B0576200ADA9F4 /* NewConversationViewController.swift in Sources */,
				B3C386E827C4831E0019AD47 /* Extensions.swift in Sources */,
				B3E02B6927B0549C00ADA9F4 /* SceneDelegate.swift in Sources */,
				B34BF20927B70E51004BF3DA /* NewConversationViewCell.swift in Sources */,
				B3E02B8727B0575100ADA9F4 /* VideoPlayerViewController.swift in Sources */,
				B3E02B8527B056F800ADA9F4 /* PhotoViewrViewController.swift in Sources */,
				B3DD1AEA27BDCC4A00A7EF3A /* DateFormatters.swift in Sources */,
				B34BF20727B6FF59004BF3DA /* ConversationTableViewCell.swift in Sources */,
				B3E02B8B27B0577500ADA9F4 /* ProfileViewController.swift in Sources */,
				B3E02B8227B0569F00ADA9F4 /* LoginViewController.swift in Sources */,
				B3E02B8027B0566B00ADA9F4 /* RegisterViewController.swift in Sources */,
				B34BF20C27B7127A004BF3DA /* Message.swift in Sources */,
				B3EDD39327B8B5340020FA83 /* StrageManager.swift in Sources */,
			);
			runOnlyForDeploymentPostprocessing = 0;
		};
/* End PBXSourcesBuildPhase section */

/* Begin PBXVariantGroup section */
		B3E02B6C27B0549C00ADA9F4 /* Main.storyboard */ = {
			isa = PBXVariantGroup;
			children = (
				B3E02B6D27B0549C00ADA9F4 /* Base */,
			);
			name = Main.storyboard;
			sourceTree = "<group>";
		};
		B3E02B7127B0549F00ADA9F4 /* LaunchScreen.storyboard */ = {
			isa = PBXVariantGroup;
			children = (
				B3E02B7227B0549F00ADA9F4 /* Base */,
			);
			name = LaunchScreen.storyboard;
			sourceTree = "<group>";
		};
/* End PBXVariantGroup section */

/* Begin XCBuildConfiguration section */
		B3E02B7527B0549F00ADA9F4 /* Debug */ = {
			isa = XCBuildConfiguration;
			buildSettings = {
				ALWAYS_SEARCH_USER_PATHS = NO;
				CLANG_ANALYZER_NONNULL = YES;
				CLANG_ANALYZER_NUMBER_OBJECT_CONVERSION = YES_AGGRESSIVE;
				CLANG_CXX_LANGUAGE_STANDARD = "gnu++17";
				CLANG_CXX_LIBRARY = "libc++";
				CLANG_ENABLE_MODULES = YES;
				CLANG_ENABLE_OBJC_ARC = YES;
				CLANG_ENABLE_OBJC_WEAK = YES;
				CLANG_WARN_BLOCK_CAPTURE_AUTORELEASING = YES;
				CLANG_WARN_BOOL_CONVERSION = YES;
				CLANG_WARN_COMMA = YES;
				CLANG_WARN_CONSTANT_CONVERSION = YES;
				CLANG_WARN_DEPRECATED_OBJC_IMPLEMENTATIONS = YES;
				CLANG_WARN_DIRECT_OBJC_ISA_USAGE = YES_ERROR;
				CLANG_WARN_DOCUMENTATION_COMMENTS = YES;
				CLANG_WARN_EMPTY_BODY = YES;
				CLANG_WARN_ENUM_CONVERSION = YES;
				CLANG_WARN_INFINITE_RECURSION = YES;
				CLANG_WARN_INT_CONVERSION = YES;
				CLANG_WARN_NON_LITERAL_NULL_CONVERSION = YES;
				CLANG_WARN_OBJC_IMPLICIT_RETAIN_SELF = YES;
				CLANG_WARN_OBJC_LITERAL_CONVERSION = YES;
				CLANG_WARN_OBJC_ROOT_CLASS = YES_ERROR;
				CLANG_WARN_QUOTED_INCLUDE_IN_FRAMEWORK_HEADER = YES;
				CLANG_WARN_RANGE_LOOP_ANALYSIS = YES;
				CLANG_WARN_STRICT_PROTOTYPES = YES;
				CLANG_WARN_SUSPICIOUS_MOVE = YES;
				CLANG_WARN_UNGUARDED_AVAILABILITY = YES_AGGRESSIVE;
				CLANG_WARN_UNREACHABLE_CODE = YES;
				CLANG_WARN__DUPLICATE_METHOD_MATCH = YES;
				COPY_PHASE_STRIP = NO;
				DEBUG_INFORMATION_FORMAT = dwarf;
				ENABLE_STRICT_OBJC_MSGSEND = YES;
				ENABLE_TESTABILITY = YES;
				GCC_C_LANGUAGE_STANDARD = gnu11;
				GCC_DYNAMIC_NO_PIC = NO;
				GCC_NO_COMMON_BLOCKS = YES;
				GCC_OPTIMIZATION_LEVEL = 0;
				GCC_PREPROCESSOR_DEFINITIONS = (
					"DEBUG=1",
					"$(inherited)",
				);
				GCC_WARN_64_TO_32_BIT_CONVERSION = YES;
				GCC_WARN_ABOUT_RETURN_TYPE = YES_ERROR;
				GCC_WARN_UNDECLARED_SELECTOR = YES;
				GCC_WARN_UNINITIALIZED_AUTOS = YES_AGGRESSIVE;
				GCC_WARN_UNUSED_FUNCTION = YES;
				GCC_WARN_UNUSED_VARIABLE = YES;
				IPHONEOS_DEPLOYMENT_TARGET = 15.2;
				MTL_ENABLE_DEBUG_INFO = INCLUDE_SOURCE;
				MTL_FAST_MATH = YES;
				ONLY_ACTIVE_ARCH = YES;
				SDKROOT = iphoneos;
				SWIFT_ACTIVE_COMPILATION_CONDITIONS = DEBUG;
				SWIFT_OPTIMIZATION_LEVEL = "-Onone";
			};
			name = Debug;
		};
		B3E02B7627B0549F00ADA9F4 /* Release */ = {
			isa = XCBuildConfiguration;
			buildSettings = {
				ALWAYS_SEARCH_USER_PATHS = NO;
				CLANG_ANALYZER_NONNULL = YES;
				CLANG_ANALYZER_NUMBER_OBJECT_CONVERSION = YES_AGGRESSIVE;
				CLANG_CXX_LANGUAGE_STANDARD = "gnu++17";
				CLANG_CXX_LIBRARY = "libc++";
				CLANG_ENABLE_MODULES = YES;
				CLANG_ENABLE_OBJC_ARC = YES;
				CLANG_ENABLE_OBJC_WEAK = YES;
				CLANG_WARN_BLOCK_CAPTURE_AUTORELEASING = YES;
				CLANG_WARN_BOOL_CONVERSION = YES;
				CLANG_WARN_COMMA = YES;
				CLANG_WARN_CONSTANT_CONVERSION = YES;
				CLANG_WARN_DEPRECATED_OBJC_IMPLEMENTATIONS = YES;
				CLANG_WARN_DIRECT_OBJC_ISA_USAGE = YES_ERROR;
				CLANG_WARN_DOCUMENTATION_COMMENTS = YES;
				CLANG_WARN_EMPTY_BODY = YES;
				CLANG_WARN_ENUM_CONVERSION = YES;
				CLANG_WARN_INFINITE_RECURSION = YES;
				CLANG_WARN_INT_CONVERSION = YES;
				CLANG_WARN_NON_LITERAL_NULL_CONVERSION = YES;
				CLANG_WARN_OBJC_IMPLICIT_RETAIN_SELF = YES;
				CLANG_WARN_OBJC_LITERAL_CONVERSION = YES;
				CLANG_WARN_OBJC_ROOT_CLASS = YES_ERROR;
				CLANG_WARN_QUOTED_INCLUDE_IN_FRAMEWORK_HEADER = YES;
				CLANG_WARN_RANGE_LOOP_ANALYSIS = YES;
				CLANG_WARN_STRICT_PROTOTYPES = YES;
				CLANG_WARN_SUSPICIOUS_MOVE = YES;
				CLANG_WARN_UNGUARDED_AVAILABILITY = YES_AGGRESSIVE;
				CLANG_WARN_UNREACHABLE_CODE = YES;
				CLANG_WARN__DUPLICATE_METHOD_MATCH = YES;
				COPY_PHASE_STRIP = NO;
				DEBUG_INFORMATION_FORMAT = "dwarf-with-dsym";
				ENABLE_NS_ASSERTIONS = NO;
				ENABLE_STRICT_OBJC_MSGSEND = YES;
				GCC_C_LANGUAGE_STANDARD = gnu11;
				GCC_NO_COMMON_BLOCKS = YES;
				GCC_WARN_64_TO_32_BIT_CONVERSION = YES;
				GCC_WARN_ABOUT_RETURN_TYPE = YES_ERROR;
				GCC_WARN_UNDECLARED_SELECTOR = YES;
				GCC_WARN_UNINITIALIZED_AUTOS = YES_AGGRESSIVE;
				GCC_WARN_UNUSED_FUNCTION = YES;
				GCC_WARN_UNUSED_VARIABLE = YES;
				IPHONEOS_DEPLOYMENT_TARGET = 15.2;
				MTL_ENABLE_DEBUG_INFO = NO;
				MTL_FAST_MATH = YES;
				SDKROOT = iphoneos;
				SWIFT_COMPILATION_MODE = wholemodule;
				SWIFT_OPTIMIZATION_LEVEL = "-O";
				VALIDATE_PRODUCT = YES;
			};
			name = Release;
		};
		B3E02B7827B0549F00ADA9F4 /* Debug */ = {
			isa = XCBuildConfiguration;
			buildSettings = {
				ASSETCATALOG_COMPILER_APPICON_NAME = AppIcon;
				ASSETCATALOG_COMPILER_GLOBAL_ACCENT_COLOR_NAME = AccentColor;
				CODE_SIGN_STYLE = Automatic;
				CURRENT_PROJECT_VERSION = 1;
				GENERATE_INFOPLIST_FILE = YES;
				INFOPLIST_FILE = ChatAppPractice/Info.plist;
				INFOPLIST_KEY_NSCameraUsageDescription = "Please allow access to take a profilepicture";
				INFOPLIST_KEY_NSMicrophoneUsageDescription = "Please allow access to send audio and video messages";
				INFOPLIST_KEY_NSPhotoLibraryAddUsageDescription = "Please allow access to select a photp for your profile";
				INFOPLIST_KEY_NSPhotoLibraryUsageDescription = "please allow access to take a profile picture";
				INFOPLIST_KEY_UIApplicationSupportsIndirectInputEvents = YES;
				INFOPLIST_KEY_UILaunchStoryboardName = LaunchScreen;
				INFOPLIST_KEY_UIMainStoryboardFile = Main;
				INFOPLIST_KEY_UISupportedInterfaceOrientations_iPad = "UIInterfaceOrientationPortrait UIInterfaceOrientationPortraitUpsideDown UIInterfaceOrientationLandscapeLeft UIInterfaceOrientationLandscapeRight";
				INFOPLIST_KEY_UISupportedInterfaceOrientations_iPhone = "UIInterfaceOrientationPortrait UIInterfaceOrientationPortrait UIInterfaceOrientationPortrait UIInterfaceOrientationPortrait UIInterfaceOrientationLandscapeLeft UIInterfaceOrientationLandscapeRight";
				LD_RUNPATH_SEARCH_PATHS = (
					"$(inherited)",
					"@executable_path/Frameworks",
				);
				MARKETING_VERSION = 1.0;
				PRODUCT_BUNDLE_IDENTIFIER = MYCompany.ChatAppPractice;
				PRODUCT_NAME = "$(TARGET_NAME)";
				SWIFT_EMIT_LOC_STRINGS = YES;
				SWIFT_VERSION = 5.0;
				TARGETED_DEVICE_FAMILY = "1,2";
			};
			name = Debug;
		};
		B3E02B7927B0549F00ADA9F4 /* Release */ = {
			isa = XCBuildConfiguration;
			buildSettings = {
				ASSETCATALOG_COMPILER_APPICON_NAME = AppIcon;
				ASSETCATALOG_COMPILER_GLOBAL_ACCENT_COLOR_NAME = AccentColor;
				CODE_SIGN_STYLE = Automatic;
				CURRENT_PROJECT_VERSION = 1;
				GENERATE_INFOPLIST_FILE = YES;
				INFOPLIST_FILE = ChatAppPractice/Info.plist;
				INFOPLIST_KEY_NSCameraUsageDescription = "Please allow access to take a profilepicture";
				INFOPLIST_KEY_NSMicrophoneUsageDescription = "Please allow access to send audio and video messages";
				INFOPLIST_KEY_NSPhotoLibraryAddUsageDescription = "Please allow access to select a photp for your profile";
				INFOPLIST_KEY_NSPhotoLibraryUsageDescription = "please allow access to take a profile picture";
				INFOPLIST_KEY_UIApplicationSupportsIndirectInputEvents = YES;
				INFOPLIST_KEY_UILaunchStoryboardName = LaunchScreen;
				INFOPLIST_KEY_UIMainStoryboardFile = Main;
				INFOPLIST_KEY_UISupportedInterfaceOrientations_iPad = "UIInterfaceOrientationPortrait UIInterfaceOrientationPortraitUpsideDown UIInterfaceOrientationLandscapeLeft UIInterfaceOrientationLandscapeRight";
				INFOPLIST_KEY_UISupportedInterfaceOrientations_iPhone = "UIInterfaceOrientationPortrait UIInterfaceOrientationPortrait UIInterfaceOrientationPortrait UIInterfaceOrientationPortrait UIInterfaceOrientationLandscapeLeft UIInterfaceOrientationLandscapeRight";
				LD_RUNPATH_SEARCH_PATHS = (
					"$(inherited)",
					"@executable_path/Frameworks",
				);
				MARKETING_VERSION = 1.0;
				PRODUCT_BUNDLE_IDENTIFIER = MYCompany.ChatAppPractice;
				PRODUCT_NAME = "$(TARGET_NAME)";
				SWIFT_EMIT_LOC_STRINGS = YES;
				SWIFT_VERSION = 5.0;
				TARGETED_DEVICE_FAMILY = "1,2";
			};
			name = Release;
		};
/* End XCBuildConfiguration section */

/* Begin XCConfigurationList section */
		B3E02B5E27B0549C00ADA9F4 /* Build configuration list for PBXProject "ChatAppPractice" */ = {
			isa = XCConfigurationList;
			buildConfigurations = (
				B3E02B7527B0549F00ADA9F4 /* Debug */,
				B3E02B7627B0549F00ADA9F4 /* Release */,
			);
			defaultConfigurationIsVisible = 0;
			defaultConfigurationName = Release;
		};
		B3E02B7727B0549F00ADA9F4 /* Build configuration list for PBXNativeTarget "ChatAppPractice" */ = {
			isa = XCConfigurationList;
			buildConfigurations = (
				B3E02B7827B0549F00ADA9F4 /* Debug */,
				B3E02B7927B0549F00ADA9F4 /* Release */,
			);
			defaultConfigurationIsVisible = 0;
			defaultConfigurationName = Release;
		};
/* End XCConfigurationList section */

/* Begin XCRemoteSwiftPackageReference section */
		B34BF1F027B6EBE3004BF3DA /* XCRemoteSwiftPackageReference "GoogleSignIn-iOS" */ = {
			isa = XCRemoteSwiftPackageReference;
			repositoryURL = "https://github.com/google/GoogleSignIn-iOS";
			requirement = {
				kind = upToNextMajorVersion;
				minimumVersion = 6.0.0;
			};
		};
		B34BF1F327B6F8A6004BF3DA /* XCRemoteSwiftPackageReference "realm-swift" */ = {
			isa = XCRemoteSwiftPackageReference;
			repositoryURL = "https://github.com/realm/realm-swift";
			requirement = {
				branch = master;
				kind = branch;
			};
		};
		B34BF1F827B6F90C004BF3DA /* XCRemoteSwiftPackageReference "MessageKit" */ = {
			isa = XCRemoteSwiftPackageReference;
			repositoryURL = "https://github.com/MessageKit/MessageKit";
			requirement = {
				kind = upToNextMajorVersion;
				minimumVersion = 3.0.0;
			};
		};
		B34BF1FB27B6F968004BF3DA /* XCRemoteSwiftPackageReference "JGProgressHUD" */ = {
			isa = XCRemoteSwiftPackageReference;
			repositoryURL = "https://github.com/JonasGessner/JGProgressHUD";
			requirement = {
				kind = upToNextMajorVersion;
				minimumVersion = 2.0.0;
			};
		};
		B34BF1FE27B6F9A9004BF3DA /* XCRemoteSwiftPackageReference "SDWebImage" */ = {
			isa = XCRemoteSwiftPackageReference;
			repositoryURL = "https://github.com/SDWebImage/SDWebImage";
			requirement = {
				kind = upToNextMajorVersion;
				minimumVersion = 5.0.0;
			};
		};
		B3E02B8C27B0593200ADA9F4 /* XCRemoteSwiftPackageReference "ElementKit" */ = {
			isa = XCRemoteSwiftPackageReference;
			repositoryURL = "https://github.com/practice20200/ElementKit";
			requirement = {
				kind = upToNextMajorVersion;
				minimumVersion = 1.0.1;
			};
		};
		B3E02B9827B3726F00ADA9F4 /* XCRemoteSwiftPackageReference "firebase-ios-sdk" */ = {
			isa = XCRemoteSwiftPackageReference;
			repositoryURL = "https://github.com/firebase/firebase-ios-sdk";
			requirement = {
				kind = upToNextMajorVersion;
				minimumVersion = 8.0.0;
			};
		};
/* End XCRemoteSwiftPackageReference section */

/* Begin XCSwiftPackageProductDependency section */
		B34BF1F127B6EBE4004BF3DA /* GoogleSignIn */ = {
			isa = XCSwiftPackageProductDependency;
			package = B34BF1F027B6EBE3004BF3DA /* XCRemoteSwiftPackageReference "GoogleSignIn-iOS" */;
			productName = GoogleSignIn;
		};
		B34BF1F427B6F8A6004BF3DA /* Realm */ = {
			isa = XCSwiftPackageProductDependency;
			package = B34BF1F327B6F8A6004BF3DA /* XCRemoteSwiftPackageReference "realm-swift" */;
			productName = Realm;
		};
		B34BF1F627B6F8A6004BF3DA /* RealmSwift */ = {
			isa = XCSwiftPackageProductDependency;
			package = B34BF1F327B6F8A6004BF3DA /* XCRemoteSwiftPackageReference "realm-swift" */;
			productName = RealmSwift;
		};
		B34BF1F927B6F90D004BF3DA /* MessageKit */ = {
			isa = XCSwiftPackageProductDependency;
			package = B34BF1F827B6F90C004BF3DA /* XCRemoteSwiftPackageReference "MessageKit" */;
			productName = MessageKit;
		};
		B34BF1FC27B6F969004BF3DA /* JGProgressHUD */ = {
			isa = XCSwiftPackageProductDependency;
			package = B34BF1FB27B6F968004BF3DA /* XCRemoteSwiftPackageReference "JGProgressHUD" */;
			productName = JGProgressHUD;
		};
		B34BF1FF27B6F9A9004BF3DA /* SDWebImage */ = {
			isa = XCSwiftPackageProductDependency;
			package = B34BF1FE27B6F9A9004BF3DA /* XCRemoteSwiftPackageReference "SDWebImage" */;
			productName = SDWebImage;
		};
		B34BF20127B6F9A9004BF3DA /* SDWebImageMapKit */ = {
			isa = XCSwiftPackageProductDependency;
			package = B34BF1FE27B6F9A9004BF3DA /* XCRemoteSwiftPackageReference "SDWebImage" */;
			productName = SDWebImageMapKit;
		};
		B3E02B8D27B0593200ADA9F4 /* Elements */ = {
			isa = XCSwiftPackageProductDependency;
			package = B3E02B8C27B0593200ADA9F4 /* XCRemoteSwiftPackageReference "ElementKit" */;
			productName = Elements;
		};
		B3E02B9927B3726F00ADA9F4 /* FirebaseAnalytics */ = {
			isa = XCSwiftPackageProductDependency;
			package = B3E02B9827B3726F00ADA9F4 /* XCRemoteSwiftPackageReference "firebase-ios-sdk" */;
			productName = FirebaseAnalytics;
		};
		B3E02B9B27B3726F00ADA9F4 /* FirebaseAuth */ = {
			isa = XCSwiftPackageProductDependency;
			package = B3E02B9827B3726F00ADA9F4 /* XCRemoteSwiftPackageReference "firebase-ios-sdk" */;
			productName = FirebaseAuth;
		};
		B3E02B9D27B3726F00ADA9F4 /* FirebaseDatabase */ = {
			isa = XCSwiftPackageProductDependency;
			package = B3E02B9827B3726F00ADA9F4 /* XCRemoteSwiftPackageReference "firebase-ios-sdk" */;
			productName = FirebaseDatabase;
		};
		B3E02B9F27B3726F00ADA9F4 /* FirebaseStorage */ = {
			isa = XCSwiftPackageProductDependency;
			package = B3E02B9827B3726F00ADA9F4 /* XCRemoteSwiftPackageReference "firebase-ios-sdk" */;
			productName = FirebaseStorage;
		};
/* End XCSwiftPackageProductDependency section */
	};
	rootObject = B3E02B5B27B0549C00ADA9F4 /* Project object */;
}
